// !$*UTF8*$!
{
	archiveVersion = 1;
	classes = {
	};
	objectVersion = 77;
	objects = {

/* Begin PBXBuildFile section */
		10D7327D937337BF14E26B26 /* ResearchProgressView.swift in Sources */ = {isa = PBXBuildFile; fileRef = A3E22D24243487EFDFB6B55C /* ResearchProgressView.swift */; };
		1A6E3E8A262834C443F2E235 /* Components.swift in Sources */ = {isa = PBXBuildFile; fileRef = 9CD07554FAEE1588FB2D3710 /* Components.swift */; };
		3E8C1F586F8D055D02A78F88 /* TavilyService.swift in Sources */ = {isa = PBXBuildFile; fileRef = 41B1645600AACA08C6F76886 /* TavilyService.swift */; };
		55A879546A33D7368BA4935E /* MarkdownUI in Frameworks */ = {isa = PBXBuildFile; productRef = 7C284591DD72B7327D7D9163 /* MarkdownUI */; };
		594278192EE8B949739E72BC /* GeminiService.swift in Sources */ = {isa = PBXBuildFile; fileRef = 68EF027D3FB527A2BF6BD7A8 /* GeminiService.swift */; };
		664BC4BA83F93561967E50C5 /* MindMapView.swift in Sources */ = {isa = PBXBuildFile; fileRef = 20CCC6B12916B2233E15D288 /* MindMapView.swift */; };
		6E0158DA0FE1FEBE62B61948 /* Assets.xcassets in Resources */ = {isa = PBXBuildFile; fileRef = 7287F9BE00B63CC9E6C54AED /* Assets.xcassets */; };
		6FAE12E440DCE6ED8EE1589C /* Models.swift in Sources */ = {isa = PBXBuildFile; fileRef = 7DABAF73C017FB0EBCA5ACB4 /* Models.swift */; };
		8C6507C1A0698ECB0512A851 /* ResearchAgentApp.swift in Sources */ = {isa = PBXBuildFile; fileRef = 131C124C23F47B60FDC859B5 /* ResearchAgentApp.swift */; };
		9042C2F92B68BB36EDF6017C /* ResearchAgentService.swift in Sources */ = {isa = PBXBuildFile; fileRef = 08135DDC602EB2CB5465E597 /* ResearchAgentService.swift */; };
		9B949A287270373DC796D472 /* ReportView.swift in Sources */ = {isa = PBXBuildFile; fileRef = 33634DD9F3143BA21A7BDE82 /* ReportView.swift */; };
		D5EF5EDDAE778DBEE5D0169A /* HomeView.swift in Sources */ = {isa = PBXBuildFile; fileRef = 7C44089B3635736F08899B01 /* HomeView.swift */; };
		FAE87C21018ABFB07FFEF667 /* APIConfig.swift in Sources */ = {isa = PBXBuildFile; fileRef = 2D9F6AC167BE2C0A0118F19F /* APIConfig.swift */; };
/* End PBXBuildFile section */

/* Begin PBXFileReference section */
		08135DDC602EB2CB5465E597 /* ResearchAgentService.swift */ = {isa = PBXFileReference; lastKnownFileType = sourcecode.swift; path = ResearchAgentService.swift; sourceTree = "<group>"; };
		12EA0F815DEB654A1B9B8ACC /* Info.plist */ = {isa = PBXFileReference; lastKnownFileType = text.plist; path = Info.plist; sourceTree = "<group>"; };
		131C124C23F47B60FDC859B5 /* ResearchAgentApp.swift */ = {isa = PBXFileReference; lastKnownFileType = sourcecode.swift; path = ResearchAgentApp.swift; sourceTree = "<group>"; };
		20CCC6B12916B2233E15D288 /* MindMapView.swift */ = {isa = PBXFileReference; lastKnownFileType = sourcecode.swift; path = MindMapView.swift; sourceTree = "<group>"; };
		2D9F6AC167BE2C0A0118F19F /* APIConfig.swift */ = {isa = PBXFileReference; lastKnownFileType = sourcecode.swift; path = APIConfig.swift; sourceTree = "<group>"; };
		33634DD9F3143BA21A7BDE82 /* ReportView.swift */ = {isa = PBXFileReference; lastKnownFileType = sourcecode.swift; path = ReportView.swift; sourceTree = "<group>"; };
		41B1645600AACA08C6F76886 /* TavilyService.swift */ = {isa = PBXFileReference; lastKnownFileType = sourcecode.swift; path = TavilyService.swift; sourceTree = "<group>"; };
		68EF027D3FB527A2BF6BD7A8 /* GeminiService.swift */ = {isa = PBXFileReference; lastKnownFileType = sourcecode.swift; path = GeminiService.swift; sourceTree = "<group>"; };
		7287F9BE00B63CC9E6C54AED /* Assets.xcassets */ = {isa = PBXFileReference; lastKnownFileType = folder.assetcatalog; path = Assets.xcassets; sourceTree = "<group>"; };
		7C44089B3635736F08899B01 /* HomeView.swift */ = {isa = PBXFileReference; lastKnownFileType = sourcecode.swift; path = HomeView.swift; sourceTree = "<group>"; };
		7DABAF73C017FB0EBCA5ACB4 /* Models.swift */ = {isa = PBXFileReference; lastKnownFileType = sourcecode.swift; path = Models.swift; sourceTree = "<group>"; };
		923D8354D23DC6E3DD9B6B9B /* ResearchAgent.app */ = {isa = PBXFileReference; explicitFileType = wrapper.application; includeInIndex = 0; path = ResearchAgent.app; sourceTree = BUILT_PRODUCTS_DIR; };
		9CD07554FAEE1588FB2D3710 /* Components.swift */ = {isa = PBXFileReference; lastKnownFileType = sourcecode.swift; path = Components.swift; sourceTree = "<group>"; };
		A3E22D24243487EFDFB6B55C /* ResearchProgressView.swift */ = {isa = PBXFileReference; lastKnownFileType = sourcecode.swift; path = ResearchProgressView.swift; sourceTree = "<group>"; };
/* End PBXFileReference section */

/* Begin PBXFrameworksBuildPhase section */
		129DDBB61CC87F18FB1D744F /* Frameworks */ = {
			isa = PBXFrameworksBuildPhase;
			buildActionMask = 2147483647;
			files = (
				55A879546A33D7368BA4935E /* MarkdownUI in Frameworks */,
			);
			runOnlyForDeploymentPostprocessing = 0;
		};
/* End PBXFrameworksBuildPhase section */

/* Begin PBXGroup section */
		1AFF44DAF140C4BF8ECD9408 /* ResearchAgent */ = {
			isa = PBXGroup;
			children = (
				7287F9BE00B63CC9E6C54AED /* Assets.xcassets */,
				12EA0F815DEB654A1B9B8ACC /* Info.plist */,
				131C124C23F47B60FDC859B5 /* ResearchAgentApp.swift */,
				EBFB9FB83424443CECFFF269 /* Config */,
				D31666A7FAAE263A34E88844 /* Models */,
				6E0779683F8BF92AAFDE7186 /* Services */,
				FB784AA79F92E789BBB1AF51 /* Views */,
			);
			path = ResearchAgent;
			sourceTree = "<group>";
		};
		6E0779683F8BF92AAFDE7186 /* Services */ = {
			isa = PBXGroup;
			children = (
				68EF027D3FB527A2BF6BD7A8 /* GeminiService.swift */,
				08135DDC602EB2CB5465E597 /* ResearchAgentService.swift */,
				41B1645600AACA08C6F76886 /* TavilyService.swift */,
			);
			path = Services;
			sourceTree = "<group>";
		};
		88E57CABDAB8B32CD53EE7A1 = {
			isa = PBXGroup;
			children = (
				1AFF44DAF140C4BF8ECD9408 /* ResearchAgent */,
				EE6C2321DA70A4826CFB3943 /* Products */,
			);
			sourceTree = "<group>";
		};
		CD1DCCB55C7A5A13767BB015 /* Components */ = {
			isa = PBXGroup;
			children = (
				9CD07554FAEE1588FB2D3710 /* Components.swift */,
			);
			path = Components;
			sourceTree = "<group>";
		};
		D31666A7FAAE263A34E88844 /* Models */ = {
			isa = PBXGroup;
			children = (
				7DABAF73C017FB0EBCA5ACB4 /* Models.swift */,
			);
			path = Models;
			sourceTree = "<group>";
		};
		EBFB9FB83424443CECFFF269 /* Config */ = {
			isa = PBXGroup;
			children = (
				2D9F6AC167BE2C0A0118F19F /* APIConfig.swift */,
			);
			path = Config;
			sourceTree = "<group>";
		};
		EE6C2321DA70A4826CFB3943 /* Products */ = {
			isa = PBXGroup;
			children = (
				923D8354D23DC6E3DD9B6B9B /* ResearchAgent.app */,
			);
			name = Products;
			sourceTree = "<group>";
		};
		FB784AA79F92E789BBB1AF51 /* Views */ = {
			isa = PBXGroup;
			children = (
				7C44089B3635736F08899B01 /* HomeView.swift */,
				20CCC6B12916B2233E15D288 /* MindMapView.swift */,
				33634DD9F3143BA21A7BDE82 /* ReportView.swift */,
				A3E22D24243487EFDFB6B55C /* ResearchProgressView.swift */,
				CD1DCCB55C7A5A13767BB015 /* Components */,
			);
			path = Views;
			sourceTree = "<group>";
		};
/* End PBXGroup section */

/* Begin PBXNativeTarget section */
		D8115FD368177E027B750663 /* ResearchAgent */ = {
			isa = PBXNativeTarget;
			buildConfigurationList = BAC80D918CF8DF63B11B84C3 /* Build configuration list for PBXNativeTarget "ResearchAgent" */;
			buildPhases = (
				65A393D16F51A65C7991E1B5 /* Sources */,
				04AA7E1D18D69D9624914DBA /* Resources */,
				129DDBB61CC87F18FB1D744F /* Frameworks */,
			);
			buildRules = (
			);
			dependencies = (
			);
			name = ResearchAgent;
			packageProductDependencies = (
				7C284591DD72B7327D7D9163 /* MarkdownUI */,
			);
			productName = ResearchAgent;
			productReference = 923D8354D23DC6E3DD9B6B9B /* ResearchAgent.app */;
			productType = "com.apple.product-type.application";
		};
/* End PBXNativeTarget section */

/* Begin PBXProject section */
		D7288E1E68DEF780F9650DF0 /* Project object */ = {
			isa = PBXProject;
			attributes = {
				BuildIndependentTargetsInParallel = YES;
				LastUpgradeCheck = 1640;
				TargetAttributes = {
					D8115FD368177E027B750663 = {
						ProvisioningStyle = Automatic;
					};
				};
			};
			buildConfigurationList = FE4E594F526DB8D384795404 /* Build configuration list for PBXProject "ResearchAgent" */;
			developmentRegion = en;
			hasScannedForEncodings = 0;
			knownRegions = (
				Base,
				en,
			);
			mainGroup = 88E57CABDAB8B32CD53EE7A1;
			minimizedProjectReferenceProxies = 1;
			packageReferences = (
				64B97AF2BCCE6502E97004F9 /* XCRemoteSwiftPackageReference "swift-markdown-ui" */,
			);
			preferredProjectObjectVersion = 77;
			productRefGroup = EE6C2321DA70A4826CFB3943 /* Products */;
			projectDirPath = "";
			projectRoot = "";
			targets = (
				D8115FD368177E027B750663 /* ResearchAgent */,
			);
		};
/* End PBXProject section */

/* Begin PBXResourcesBuildPhase section */
		04AA7E1D18D69D9624914DBA /* Resources */ = {
			isa = PBXResourcesBuildPhase;
			buildActionMask = 2147483647;
			files = (
				6E0158DA0FE1FEBE62B61948 /* Assets.xcassets in Resources */,
			);
			runOnlyForDeploymentPostprocessing = 0;
		};
/* End PBXResourcesBuildPhase section */

/* Begin PBXSourcesBuildPhase section */
		65A393D16F51A65C7991E1B5 /* Sources */ = {
			isa = PBXSourcesBuildPhase;
			buildActionMask = 2147483647;
			files = (
				FAE87C21018ABFB07FFEF667 /* APIConfig.swift in Sources */,
				1A6E3E8A262834C443F2E235 /* Components.swift in Sources */,
				594278192EE8B949739E72BC /* GeminiService.swift in Sources */,
				D5EF5EDDAE778DBEE5D0169A /* HomeView.swift in Sources */,
				664BC4BA83F93561967E50C5 /* MindMapView.swift in Sources */,
				6FAE12E440DCE6ED8EE1589C /* Models.swift in Sources */,
				9B949A287270373DC796D472 /* ReportView.swift in Sources */,
				8C6507C1A0698ECB0512A851 /* ResearchAgentApp.swift in Sources */,
				9042C2F92B68BB36EDF6017C /* ResearchAgentService.swift in Sources */,
				10D7327D937337BF14E26B26 /* ResearchProgressView.swift in Sources */,
				3E8C1F586F8D055D02A78F88 /* TavilyService.swift in Sources */,
			);
			runOnlyForDeploymentPostprocessing = 0;
		};
/* End PBXSourcesBuildPhase section */

/* Begin XCBuildConfiguration section */
		406025DFF09AB15F88552A1A /* Debug */ = {
			isa = XCBuildConfiguration;
			buildSettings = {
				ALWAYS_SEARCH_USER_PATHS = NO;
				ASSETCATALOG_COMPILER_GENERATE_SWIFT_ASSET_SYMBOL_EXTENSIONS = YES;
				CLANG_ANALYZER_NONNULL = YES;
				CLANG_ANALYZER_NUMBER_OBJECT_CONVERSION = YES_AGGRESSIVE;
				CLANG_CXX_LANGUAGE_STANDARD = "gnu++14";
				CLANG_CXX_LIBRARY = "libc++";
				CLANG_ENABLE_MODULES = YES;
				CLANG_ENABLE_OBJC_ARC = YES;
				CLANG_ENABLE_OBJC_WEAK = YES;
				CLANG_WARN_BLOCK_CAPTURE_AUTORELEASING = YES;
				CLANG_WARN_BOOL_CONVERSION = YES;
				CLANG_WARN_COMMA = YES;
				CLANG_WARN_CONSTANT_CONVERSION = YES;
				CLANG_WARN_DEPRECATED_OBJC_IMPLEMENTATIONS = YES;
				CLANG_WARN_DIRECT_OBJC_ISA_USAGE = YES_ERROR;
				CLANG_WARN_DOCUMENTATION_COMMENTS = YES;
				CLANG_WARN_EMPTY_BODY = YES;
				CLANG_WARN_ENUM_CONVERSION = YES;
				CLANG_WARN_INFINITE_RECURSION = YES;
				CLANG_WARN_INT_CONVERSION = YES;
				CLANG_WARN_NON_LITERAL_NULL_CONVERSION = YES;
				CLANG_WARN_OBJC_IMPLICIT_RETAIN_SELF = YES;
				CLANG_WARN_OBJC_LITERAL_CONVERSION = YES;
				CLANG_WARN_OBJC_ROOT_CLASS = YES_ERROR;
				CLANG_WARN_QUOTED_INCLUDE_IN_FRAMEWORK_HEADER = YES;
				CLANG_WARN_RANGE_LOOP_ANALYSIS = YES;
				CLANG_WARN_STRICT_PROTOTYPES = YES;
				CLANG_WARN_SUSPICIOUS_MOVE = YES;
				CLANG_WARN_UNGUARDED_AVAILABILITY = YES_AGGRESSIVE;
				CLANG_WARN_UNREACHABLE_CODE = YES;
				CLANG_WARN__DUPLICATE_METHOD_MATCH = YES;
				COPY_PHASE_STRIP = NO;
				DEBUG_INFORMATION_FORMAT = dwarf;
				DEVELOPMENT_TEAM = 668963PNG9;
				ENABLE_STRICT_OBJC_MSGSEND = YES;
				ENABLE_TESTABILITY = YES;
				ENABLE_USER_SCRIPT_SANDBOXING = YES;
				GCC_C_LANGUAGE_STANDARD = gnu11;
				GCC_DYNAMIC_NO_PIC = NO;
				GCC_NO_COMMON_BLOCKS = YES;
				GCC_OPTIMIZATION_LEVEL = 0;
				GCC_PREPROCESSOR_DEFINITIONS = (
					"$(inherited)",
					"DEBUG=1",
				);
				GCC_WARN_64_TO_32_BIT_CONVERSION = YES;
				GCC_WARN_ABOUT_RETURN_TYPE = YES_ERROR;
				GCC_WARN_UNDECLARED_SELECTOR = YES;
				GCC_WARN_UNINITIALIZED_AUTOS = YES_AGGRESSIVE;
				GCC_WARN_UNUSED_FUNCTION = YES;
				GCC_WARN_UNUSED_VARIABLE = YES;
				IPHONEOS_DEPLOYMENT_TARGET = 17.0;
				MTL_ENABLE_DEBUG_INFO = INCLUDE_SOURCE;
				MTL_FAST_MATH = YES;
				ONLY_ACTIVE_ARCH = YES;
				PRODUCT_NAME = "$(TARGET_NAME)";
				SDKROOT = iphoneos;
				SWIFT_ACTIVE_COMPILATION_CONDITIONS = DEBUG;
				SWIFT_OPTIMIZATION_LEVEL = "-Onone";
				SWIFT_VERSION = 5.0;
			};
			name = Debug;
		};
		40C70ECFFD4280CF403E7235 /* Debug */ = {
			isa = XCBuildConfiguration;
			buildSettings = {
				ASSETCATALOG_COMPILER_APPICON_NAME = AppIcon;
				ASSETCATALOG_COMPILER_GLOBAL_ACCENT_COLOR_NAME = AccentColor;
				CODE_SIGN_IDENTITY = "iPhone Developer";
				CODE_SIGN_STYLE = Automatic;
				CURRENT_PROJECT_VERSION = 1;
				DEVELOPMENT_TEAM = 668963PNG9;
				INFOPLIST_FILE = ResearchAgent/Info.plist;
				IPHONEOS_DEPLOYMENT_TARGET = 17.0;
				LD_RUNPATH_SEARCH_PATHS = (
					"$(inherited)",
					"@executable_path/Frameworks",
				);
				MARKETING_VERSION = 1.0;
				PRODUCT_BUNDLE_IDENTIFIER = com.researchagent.app;
				SDKROOT = iphoneos;
				SWIFT_VERSION = 5.9;
				TARGETED_DEVICE_FAMILY = "1,2";
			};
			name = Debug;
		};
		9071923C5F810BBECCD20219 /* Release */ = {
			isa = XCBuildConfiguration;
			buildSettings = {
				ASSETCATALOG_COMPILER_APPICON_NAME = AppIcon;
				ASSETCATALOG_COMPILER_GLOBAL_ACCENT_COLOR_NAME = AccentColor;
				CODE_SIGN_IDENTITY = "iPhone Developer";
				CODE_SIGN_STYLE = Automatic;
				CURRENT_PROJECT_VERSION = 1;
				DEVELOPMENT_TEAM = 668963PNG9;
				INFOPLIST_FILE = ResearchAgent/Info.plist;
				IPHONEOS_DEPLOYMENT_TARGET = 17.0;
				LD_RUNPATH_SEARCH_PATHS = (
					"$(inherited)",
					"@executable_path/Frameworks",
				);
				MARKETING_VERSION = 1.0;
				PRODUCT_BUNDLE_IDENTIFIER = com.researchagent.app;
				SDKROOT = iphoneos;
				SWIFT_VERSION = 5.9;
				TARGETED_DEVICE_FAMILY = "1,2";
			};
			name = Release;
		};
		E76622DA05C3AC92CDD38528 /* Release */ = {
			isa = XCBuildConfiguration;
			buildSettings = {
				ALWAYS_SEARCH_USER_PATHS = NO;
				ASSETCATALOG_COMPILER_GENERATE_SWIFT_ASSET_SYMBOL_EXTENSIONS = YES;
				CLANG_ANALYZER_NONNULL = YES;
				CLANG_ANALYZER_NUMBER_OBJECT_CONVERSION = YES_AGGRESSIVE;
				CLANG_CXX_LANGUAGE_STANDARD = "gnu++14";
				CLANG_CXX_LIBRARY = "libc++";
				CLANG_ENABLE_MODULES = YES;
				CLANG_ENABLE_OBJC_ARC = YES;
				CLANG_ENABLE_OBJC_WEAK = YES;
				CLANG_WARN_BLOCK_CAPTURE_AUTORELEASING = YES;
				CLANG_WARN_BOOL_CONVERSION = YES;
				CLANG_WARN_COMMA = YES;
				CLANG_WARN_CONSTANT_CONVERSION = YES;
				CLANG_WARN_DEPRECATED_OBJC_IMPLEMENTATIONS = YES;
				CLANG_WARN_DIRECT_OBJC_ISA_USAGE = YES_ERROR;
				CLANG_WARN_DOCUMENTATION_COMMENTS = YES;
				CLANG_WARN_EMPTY_BODY = YES;
				CLANG_WARN_ENUM_CONVERSION = YES;
				CLANG_WARN_INFINITE_RECURSION = YES;
				CLANG_WARN_INT_CONVERSION = YES;
				CLANG_WARN_NON_LITERAL_NULL_CONVERSION = YES;
				CLANG_WARN_OBJC_IMPLICIT_RETAIN_SELF = YES;
				CLANG_WARN_OBJC_LITERAL_CONVERSION = YES;
				CLANG_WARN_OBJC_ROOT_CLASS = YES_ERROR;
				CLANG_WARN_QUOTED_INCLUDE_IN_FRAMEWORK_HEADER = YES;
				CLANG_WARN_RANGE_LOOP_ANALYSIS = YES;
				CLANG_WARN_STRICT_PROTOTYPES = YES;
				CLANG_WARN_SUSPICIOUS_MOVE = YES;
				CLANG_WARN_UNGUARDED_AVAILABILITY = YES_AGGRESSIVE;
				CLANG_WARN_UNREACHABLE_CODE = YES;
				CLANG_WARN__DUPLICATE_METHOD_MATCH = YES;
				COPY_PHASE_STRIP = NO;
				DEBUG_INFORMATION_FORMAT = "dwarf-with-dsym";
				DEVELOPMENT_TEAM = 668963PNG9;
				ENABLE_NS_ASSERTIONS = NO;
				ENABLE_STRICT_OBJC_MSGSEND = YES;
				ENABLE_USER_SCRIPT_SANDBOXING = YES;
				GCC_C_LANGUAGE_STANDARD = gnu11;
				GCC_NO_COMMON_BLOCKS = YES;
				GCC_WARN_64_TO_32_BIT_CONVERSION = YES;
				GCC_WARN_ABOUT_RETURN_TYPE = YES_ERROR;
				GCC_WARN_UNDECLARED_SELECTOR = YES;
				GCC_WARN_UNINITIALIZED_AUTOS = YES_AGGRESSIVE;
				GCC_WARN_UNUSED_FUNCTION = YES;
				GCC_WARN_UNUSED_VARIABLE = YES;
				IPHONEOS_DEPLOYMENT_TARGET = 17.0;
				MTL_ENABLE_DEBUG_INFO = NO;
				MTL_FAST_MATH = YES;
				PRODUCT_NAME = "$(TARGET_NAME)";
				SDKROOT = iphoneos;
				SWIFT_COMPILATION_MODE = wholemodule;
				SWIFT_OPTIMIZATION_LEVEL = "-O";
				SWIFT_VERSION = 5.0;
			};
			name = Release;
		};
/* End XCBuildConfiguration section */

/* Begin XCConfigurationList section */
		BAC80D918CF8DF63B11B84C3 /* Build configuration list for PBXNativeTarget "ResearchAgent" */ = {
			isa = XCConfigurationList;
			buildConfigurations = (
				40C70ECFFD4280CF403E7235 /* Debug */,
				9071923C5F810BBECCD20219 /* Release */,
			);
			defaultConfigurationIsVisible = 0;
			defaultConfigurationName = Debug;
		};
		FE4E594F526DB8D384795404 /* Build configuration list for PBXProject "ResearchAgent" */ = {
			isa = XCConfigurationList;
			buildConfigurations = (
				406025DFF09AB15F88552A1A /* Debug */,
				E76622DA05C3AC92CDD38528 /* Release */,
			);
			defaultConfigurationIsVisible = 0;
			defaultConfigurationName = Debug;
		};
/* End XCConfigurationList section */

/* Begin XCRemoteSwiftPackageReference section */
		64B97AF2BCCE6502E97004F9 /* XCRemoteSwiftPackageReference "swift-markdown-ui" */ = {
			isa = XCRemoteSwiftPackageReference;
			repositoryURL = "https://github.com/gonzalezreal/swift-markdown-ui";
			requirement = {
				kind = upToNextMajorVersion;
				minimumVersion = 2.3.1;
			};
		};
/* End XCRemoteSwiftPackageReference section */

/* Begin XCSwiftPackageProductDependency section */
		7C284591DD72B7327D7D9163 /* MarkdownUI */ = {
			isa = XCSwiftPackageProductDependency;
			package = 64B97AF2BCCE6502E97004F9 /* XCRemoteSwiftPackageReference "swift-markdown-ui" */;
			productName = MarkdownUI;
		};
/* End XCSwiftPackageProductDependency section */
	};
	rootObject = D7288E1E68DEF780F9650DF0 /* Project object */;
}
